{
  "nodes": {
    "home-manager": {
      "inputs": {
        "nixpkgs": [
          "nixpkgs"
        ]
      },
      "locked": {
        "lastModified": 1729551526,
        "narHash": "sha256-7LAGY32Xl14OVQp3y6M43/0AtHYYvV6pdyBcp3eoz0s=",
        "owner": "nix-community",
        "repo": "home-manager",
        "rev": "5ec753a1fc4454df9285d8b3ec0809234defb975",
        "type": "github"
      },
      "original": {
        "owner": "nix-community",
        "ref": "master",
        "repo": "home-manager",
        "type": "github"
      }
    },
    "nixpkgs": {
      "locked": {
        "lastModified": 1729658218,
        "narHash": "sha256-9Rg+AqLqvqqJniP/OQB3GtgXoAd8IlazsHp97va042Y=",
        "owner": "NixOS",
        "repo": "nixpkgs",
        "rev": "dfffb2e7a52d29a0ef8e21ec8a0f30487b227f1a",
        "type": "github"
      },
      "original": {
        "id": "nixpkgs",
        "ref": "nixpkgs-unstable",
        "type": "indirect"
      }
    },
    "nixpkgs-stable": {
      "locked": {
        "lastModified": 1729357638,
        "narHash": "sha256-66RHecx+zohbZwJVEPF7uuwHeqf8rykZTMCTqIrOew4=",
        "owner": "NixOS",
        "repo": "nixpkgs",
        "rev": "bb8c2cf7ea0dd2e18a52746b2c3a5b0c73b93c22",
        "type": "github"
      },
      "original": {
        "owner": "NixOS",
        "ref": "release-24.05",
        "repo": "nixpkgs",
        "type": "github"
      }
    },
    "nvchad-starter": {
      "flake": false,
      "locked": {
        "lastModified": 1728129783,
        "narHash": "sha256-SVpep7lVX0isYsUtscvgA7Ga3YXt/2jwQQCYkYadjiM=",
        "owner": "NvChad",
        "repo": "starter",
        "rev": "d0c602f5f155d4d1261609219e9b8a61e936d681",
        "type": "github"
      },
      "original": {
        "owner": "NvChad",
        "ref": "main",
        "repo": "starter",
        "type": "github"
      }
    },
    "nvchad4nix": {
      "inputs": {
        "nixpkgs": [
          "nixpkgs"
        ],
        "nvchad-starter": "nvchad-starter"
      },
      "locked": {
        "lastModified": 1729664440,
        "narHash": "sha256-sB0X9SzKLZkWO3n/A5TL05jiSpXdhJzMdx1w/Un9JqE=",
        "owner": "nix-community",
        "repo": "nix4nvchad",
        "rev": "dae43665248e45089951c4bb877db1c01ed2812b",
        "type": "github"
      },
      "original": {
        "owner": "nix-community",
        "repo": "nix4nvchad",
        "type": "github"
      }
    },
    "plasma-manager": {
      "inputs": {
        "home-manager": [
          "home-manager"
        ],
        "nixpkgs": [
          "nixpkgs"
        ]
      },
      "locked": {
        "lastModified": 1729372184,
        "narHash": "sha256-Tb2/jJ74pt0nmfprkOW1g5zZphJTNbzLnyDENM+c5+I=",
        "owner": "nix-community",
        "repo": "plasma-manager",
        "rev": "9390dadadc58ffda8e494b31ef66a4ae041f6dd1",
        "type": "github"
      },
      "original": {
        "owner": "nix-community",
        "repo": "plasma-manager",
        "type": "github"
      }
    },
    "root": {
      "inputs": {
        "home-manager": "home-manager",
        "nixpkgs": "nixpkgs",
        "nvchad4nix": "nvchad4nix",
        "plasma-manager": "plasma-manager",
        "sops-nix": "sops-nix"
      }
    },
    "sops-nix": {
      "inputs": {
        "nixpkgs": [
          "nixpkgs"
        ],
        "nixpkgs-stable": "nixpkgs-stable"
      },
      "locked": {
        "lastModified": 1729669122,
        "narHash": "sha256-SpS3rSwYcskdOpx+jeCv1lcZDdkT/K5qT8dlenCBQ8c=",
        "owner": "mic92",
        "repo": "sops-nix",
        "rev": "a4c33bfecb93458d90f9eb26f1cf695b47285243",
        "type": "github"
      },
      "original": {
        "owner": "mic92",
        "repo": "sops-nix",
        "type": "github"
      }
    }
  },
  "root": "root",
  "version": 7
}
