{
  "nodes": {
    "beets-tip": {
      "flake": false,
      "locked": {
        "lastModified": 1786613357,
        "narHash": "sha256-XSGiBBSM28nCvnUbFnavOprSYgeb20WDCFc+lAJEp4U=",
        "owner": "beetbox",
        "repo": "beets",
        "rev": "1cb3af87e2df14e059bc429ff9479b9c4b02591e",
        "type": "github"
      },
      "original": {
        "owner": "beetbox",
        "ref": "master",
        "repo": "beets",
        "type": "github"
      }
    },
    "cellar-manager": {
      "flake": false,
      "locked": {
        "lastModified": 1786608376,
        "narHash": "sha256-4QkjJabuRJSViMQ33z+3X0L9rMf5sFIXdPFpdpxnKRg=",
        "owner": "abl030",
        "repo": "cellar-manager",
        "rev": "d26fbc63f25d395a9376a4b1d85cb0335416d14e",
        "type": "github"
      },
      "original": {
        "owner": "abl030",
        "repo": "cellar-manager",
        "type": "github"
      }
    },
    "claude-code-nix": {
      "inputs": {
        "nixpkgs": [
          "nixpkgs"
        ],
        "systems": "systems"
      },
      "locked": {
        "lastModified": 1786748620,
        "narHash": "sha256-K+sJmUXFksrB7pLvrcv8jIDGKxN52QtV1sIKXhT8MZo=",
        "owner": "sadjow",
        "repo": "claude-code-nix",
        "rev": "fd727a3f341b079ba5387b770c5caef86bdae3e6",
        "type": "github"
      },
      "original": {
        "owner": "sadjow",
        "repo": "claude-code-nix",
        "type": "github"
      }
    },
    "claude-plugin-compound-engineering": {
      "flake": false,
      "locked": {
        "lastModified": 1786776541,
        "narHash": "sha256-X/lsBBbZZzQRBhQswlBdsEQcb5avmQvyOw2N1kjvq/c=",
        "owner": "EveryInc",
        "repo": "compound-engineering-plugin",
        "rev": "72bae536f64417335cb24c2ccc9ea0f8eb4ceaa1",
        "type": "github"
      },
      "original": {
        "owner": "EveryInc",
        "repo": "compound-engineering-plugin",
        "type": "github"
      }
    },
    "claude-plugin-ha-skills": {
      "flake": false,
      "locked": {
        "lastModified": 1786741523,
        "narHash": "sha256-feFDQd71Jfru7m5FCng8T1eOrLdydikarikwaWu9rJk=",
        "owner": "homeassistant-ai",
        "repo": "skills",
        "rev": "a62b672c301cee0368ba684e99f5293803874a5b",
        "type": "github"
      },
      "original": {
        "owner": "homeassistant-ai",
        "repo": "skills",
        "type": "github"
      }
    },
    "codex-cli-nix": {
      "inputs": {
        "flake-utils": "flake-utils",
        "nixpkgs": [
          "nixpkgs"
        ]
      },
      "locked": {
        "lastModified": 1786067426,
        "narHash": "sha256-Qvi7ZJ9MpkUXdeu+zjxYkR92BIvwqp7LpqxbnZzVTOg=",
        "owner": "sadjow",
        "repo": "codex-cli-nix",
        "rev": "edc92332229d4e8c658f5f2fda3a8e29280e8a1a",
        "type": "github"
      },
      "original": {
        "owner": "sadjow",
        "repo": "codex-cli-nix",
        "type": "github"
      }
    },
    "cratedigger-src": {
      "inputs": {
        "beets-tip": "beets-tip",
        "mediafile-tip": "mediafile-tip",
        "mutagen-tip": "mutagen-tip",
        "nixpkgs": [
          "nixpkgs"
        ]
      },
      "locked": {
        "lastModified": 1786785277,
        "narHash": "sha256-xEN4chCkKh5DwJWFXV3NdoTKrrkc6YAxTZkO6b9nK/I=",
        "owner": "abl030",
        "repo": "cratedigger",
        "rev": "5652e1eaa157d5fbc17665891c2250fac3a83ec2",
        "type": "github"
      },
      "original": {
        "owner": "abl030",
        "repo": "cratedigger",
        "type": "github"
      }
    },
    "discogs-src": {
      "flake": false,
      "locked": {
        "lastModified": 1785291924,
        "narHash": "sha256-zxoEqMOydfAi0aq0gxe5Ol1spP/LUvQTxEDggUwDhDw=",
        "owner": "abl030",
        "repo": "discogs-api",
        "rev": "a75fa7fb81c919f7d7cbc2371fd5a21c6571e14a",
        "type": "github"
      },
      "original": {
        "owner": "abl030",
        "repo": "discogs-api",
        "type": "github"
      }
    },
    "disko": {
      "inputs": {
        "nixpkgs": [
          "nixpkgs"
        ]
      },
      "locked": {
        "lastModified": 1781152676,
        "narHash": "sha256-RxWs5ND31KzTG7wvMM+PMfUjyNpmIEr999lqNARaM5o=",
        "owner": "nix-community",
        "repo": "disko",
        "rev": "ff8702b4de27f72b4c78573dfb89ec74e36abdf1",
        "type": "github"
      },
      "original": {
        "owner": "nix-community",
        "repo": "disko",
        "type": "github"
      }
    },
    "flake-compat": {
      "flake": false,
      "locked": {
        "lastModified": 1767039857,
        "narHash": "sha256-vNpUSpF5Nuw8xvDLj2KCwwksIbjua2LZCqhV1LNRDns=",
        "owner": "edolstra",
        "repo": "flake-compat",
        "rev": "5edf11c44bc78a0d334f6334cdaf7d60d732daab",
        "type": "github"
      },
      "original": {
        "owner": "edolstra",
        "repo": "flake-compat",
        "type": "github"
      }
    },
    "flake-parts": {
      "inputs": {
        "nixpkgs-lib": "nixpkgs-lib"
      },
      "locked": {
        "lastModified": 1785627969,
        "narHash": "sha256-4dtXQk/NMePegK/nWp5NSeuZKLATItOq61lpEvmXqGw=",
        "owner": "hercules-ci",
        "repo": "flake-parts",
        "rev": "427bf4bd9435fdf21321c8cc628c24efc14c0f7a",
        "type": "github"
      },
      "original": {
        "owner": "hercules-ci",
        "repo": "flake-parts",
        "type": "github"
      }
    },
    "flake-utils": {
      "inputs": {
        "systems": "systems_2"
      },
      "locked": {
        "lastModified": 1731533236,
        "narHash": "sha256-l0KFg5HjrsfsO/JpG+r7fRrqm12kzFHyUHqHCVpMMbI=",
        "owner": "numtide",
        "repo": "flake-utils",
        "rev": "11707dc2f618dd54ca8739b309ec4fc024de578b",
        "type": "github"
      },
      "original": {
        "owner": "numtide",
        "repo": "flake-utils",
        "type": "github"
      }
    },
    "flake-utils_2": {
      "inputs": {
        "systems": "systems_3"
      },
      "locked": {
        "lastModified": 1731533236,
        "narHash": "sha256-l0KFg5HjrsfsO/JpG+r7fRrqm12kzFHyUHqHCVpMMbI=",
        "owner": "numtide",
        "repo": "flake-utils",
        "rev": "11707dc2f618dd54ca8739b309ec4fc024de578b",
        "type": "github"
      },
      "original": {
        "owner": "numtide",
        "repo": "flake-utils",
        "type": "github"
      }
    },
    "flake-utils_3": {
      "inputs": {
        "systems": "systems_7"
      },
      "locked": {
        "lastModified": 1731533236,
        "narHash": "sha256-l0KFg5HjrsfsO/JpG+r7fRrqm12kzFHyUHqHCVpMMbI=",
        "owner": "numtide",
        "repo": "flake-utils",
        "rev": "11707dc2f618dd54ca8739b309ec4fc024de578b",
        "type": "github"
      },
      "original": {
        "owner": "numtide",
        "repo": "flake-utils",
        "type": "github"
      }
    },
    "fzf-preview": {
      "inputs": {
        "flake-parts": [
          "flake-parts"
        ],
        "nixpkgs": [
          "nixpkgs"
        ],
        "systems": "systems_4"
      },
      "locked": {
        "lastModified": 1771784699,
        "narHash": "sha256-ZjBoTsZ2ymfhmUbMpMWT1MB20kLf0BILnCDu75F6WEQ=",
        "owner": "niksingh710",
        "repo": "fzf-preview",
        "rev": "5e5a5a5c4258fa86300cb56224e31416ff7401b5",
        "type": "github"
      },
      "original": {
        "owner": "niksingh710",
        "repo": "fzf-preview",
        "type": "github"
      }
    },
    "grafana-dashboards-rfmoz": {
      "flake": false,
      "locked": {
        "lastModified": 1785765572,
        "narHash": "sha256-xupkcAW8rSlZGSwUoI2KXLXC8Ig4hbog2n2PDoMnYPA=",
        "owner": "rfmoz",
        "repo": "grafana-dashboards",
        "rev": "27aaf9d90dd0080c784e6d25eec25cd58d6e1d7d",
        "type": "github"
      },
      "original": {
        "owner": "rfmoz",
        "repo": "grafana-dashboards",
        "type": "github"
      }
    },
    "hermes-agent": {
      "inputs": {
        "flake-parts": [
          "flake-parts"
        ],
        "nixpkgs": [
          "nixpkgs"
        ],
        "npm-lockfile-fix": "npm-lockfile-fix",
        "pyproject-build-systems": "pyproject-build-systems",
        "pyproject-nix": "pyproject-nix",
        "uv2nix": "uv2nix"
      },
      "locked": {
        "lastModified": 1786807638,
        "narHash": "sha256-VB0Ey7rA+b7a6gqWKncx7ly/jk8IYH1aavvLR3zC8fc=",
        "owner": "nousresearch",
        "repo": "hermes-agent",
        "rev": "165c889e5b4277b56dadd42949a4112c1e6175a6",
        "type": "github"
      },
      "original": {
        "owner": "nousresearch",
        "repo": "hermes-agent",
        "type": "github"
      }
    },
    "home-manager": {
      "inputs": {
        "nixpkgs": [
          "nixpkgs"
        ]
      },
      "locked": {
        "lastModified": 1786356609,
        "narHash": "sha256-ou8fYz5w9yhXC8YbvvExybFIa19MyW5G/8dEPqa90hM=",
        "owner": "nix-community",
        "repo": "home-manager",
        "rev": "c30c7955cec30d664a9baced6bc0112e263d4647",
        "type": "github"
      },
      "original": {
        "owner": "nix-community",
        "ref": "master",
        "repo": "home-manager",
        "type": "github"
      }
    },
    "lrclib-src": {
      "flake": false,
      "locked": {
        "lastModified": 1786089658,
        "narHash": "sha256-IAnWwtRAVJdLeDliqxW8Vrm23r/dJKgdBkL1tyoVA1s=",
        "owner": "tranxuanthang",
        "repo": "lrclib",
        "rev": "05ad8590f6fc4d47a2d74e70f4915273df20f63c",
        "type": "github"
      },
      "original": {
        "owner": "tranxuanthang",
        "repo": "lrclib",
        "type": "github"
      }
    },
    "mediafile-tip": {
      "flake": false,
      "locked": {
        "lastModified": 1782758427,
        "narHash": "sha256-c21+ECCnHO7J4j+zhwt+S/o1lhz6qhTP99yFcI1S3Yk=",
        "owner": "beetbox",
        "repo": "mediafile",
        "rev": "faaf7444f1c58d6a39f0ba51dad8ea43a71fdf3a",
        "type": "github"
      },
      "original": {
        "owner": "beetbox",
        "ref": "master",
        "repo": "mediafile",
        "type": "github"
      }
    },
    "microvm": {
      "inputs": {
        "nixpkgs": [
          "nixpkgs"
        ],
        "spectrum": "spectrum"
      },
      "locked": {
        "lastModified": 1786300091,
        "narHash": "sha256-4UFJOVGpaYtHW5yasSv80MaJxTBYdk2zyf3jhKtt0wA=",
        "owner": "astro",
        "repo": "microvm.nix",
        "rev": "71beea0076cd46dafcee97a5a2e7d00cbba5bd2f",
        "type": "github"
      },
      "original": {
        "owner": "astro",
        "repo": "microvm.nix",
        "type": "github"
      }
    },
    "musicbrainz-docker": {
      "flake": false,
      "locked": {
        "lastModified": 1778335998,
        "narHash": "sha256-m+Gtu4j8E/IUeM10z5R0bGmSKD1E7LInQ+KmylsU6Wk=",
        "owner": "metabrainz",
        "repo": "musicbrainz-docker",
        "rev": "9d3b9026f3de23f4774af85cfa3c99242e2fc589",
        "type": "github"
      },
      "original": {
        "owner": "metabrainz",
        "repo": "musicbrainz-docker",
        "rev": "9d3b9026f3de23f4774af85cfa3c99242e2fc589",
        "type": "github"
      }
    },
    "mutagen-tip": {
      "flake": false,
      "locked": {
        "lastModified": 1783925026,
        "narHash": "sha256-I9NZBGQYOmqeguOrlT92KqPwSX+x8jthtuy0SNmnASo=",
        "owner": "quodlibet",
        "repo": "mutagen",
        "rev": "8b11398c473a4337c095b5fba8e4a041a0e40129",
        "type": "github"
      },
      "original": {
        "owner": "quodlibet",
        "ref": "main",
        "repo": "mutagen",
        "type": "github"
      }
    },
    "netwatch": {
      "inputs": {
        "flake-utils": [
          "flake-utils"
        ],
        "nixpkgs": [
          "nixpkgs"
        ]
      },
      "locked": {
        "lastModified": 1786748106,
        "narHash": "sha256-kd+/Nd0ACWk3F06Y+kvtbyYn1nYm/kU6IIZd7Njj5uY=",
        "owner": "matthart1983",
        "repo": "netwatch",
        "rev": "3e9bfe3b4e33a034a379220b9574840841b9f1de",
        "type": "github"
      },
      "original": {
        "owner": "matthart1983",
        "repo": "netwatch",
        "type": "github"
      }
    },
    "nixos-hardware": {
      "inputs": {
        "nixpkgs": [
          "nixpkgs"
        ]
      },
      "locked": {
        "lastModified": 1786717298,
        "narHash": "sha256-asdPlqtM0AweQ5YNLad6eY4tSYW55YNr1uyayf7mOMQ=",
        "owner": "NixOS",
        "repo": "nixos-hardware",
        "rev": "2dda192987ab6815e44df0130f03d6c907b79134",
        "type": "github"
      },
      "original": {
        "owner": "NixOS",
        "ref": "master",
        "repo": "nixos-hardware",
        "type": "github"
      }
    },
    "nixos-wsl": {
      "inputs": {
        "flake-compat": "flake-compat",
        "nixpkgs": [
          "nixpkgs"
        ]
      },
      "locked": {
        "lastModified": 1784642409,
        "narHash": "sha256-hcbDqFuySAJawljt5r0sKBCJKYnbtGD0T/ZIozH1Dq0=",
        "owner": "nix-community",
        "repo": "NixOS-WSL",
        "rev": "eaeb18da90024448a60eb1ec7132eafa4003404e",
        "type": "github"
      },
      "original": {
        "owner": "nix-community",
        "ref": "main",
        "repo": "NixOS-WSL",
        "type": "github"
      }
    },
    "nixpkgs": {
      "locked": {
        "lastModified": 1786098110,
        "narHash": "sha256-shi1tjDhCGGd0kIgVPNY03V8NBWSTzhMSFDb7IqSoec=",
        "owner": "NixOS",
        "repo": "nixpkgs",
        "rev": "afb4584a80bbf779ce0f691509ff902d188c2b3d",
        "type": "github"
      },
      "original": {
        "owner": "NixOS",
        "ref": "nixpkgs-unstable",
        "repo": "nixpkgs",
        "type": "github"
      }
    },
    "nixpkgs-lib": {
      "locked": {
        "lastModified": 1785031560,
        "narHash": "sha256-OmshNvn2vupOFpYinLUu+1Dnpu4n7Q5N3ggGVNHpkUI=",
        "owner": "nix-community",
        "repo": "nixpkgs.lib",
        "rev": "0e79af5e3d4dcfcd676ab5ba3f95d2e3352e078c",
        "type": "github"
      },
      "original": {
        "owner": "nix-community",
        "repo": "nixpkgs.lib",
        "type": "github"
      }
    },
    "npm-lockfile-fix": {
      "inputs": {
        "nixpkgs": [
          "hermes-agent",
          "nixpkgs"
        ]
      },
      "locked": {
        "lastModified": 1775903712,
        "narHash": "sha256-2GV79U6iVH4gKAPWYrxUReB0S41ty/Y3dBLquU8AlaA=",
        "owner": "jeslie0",
        "repo": "npm-lockfile-fix",
        "rev": "c6093acb0c0548e0f9b8b3d82918823721930fe8",
        "type": "github"
      },
      "original": {
        "owner": "jeslie0",
        "repo": "npm-lockfile-fix",
        "type": "github"
      }
    },
    "ntopng-exporter-src": {
      "flake": false,
      "locked": {
        "lastModified": 1782609732,
        "narHash": "sha256-bSdOCP2OTFk3JCbw1rJmDQki5/wAIpDPQsFsib0yP/E=",
        "owner": "aauren",
        "repo": "ntopng-exporter",
        "rev": "4df8016e2b7ae7a32d38dd028543c3d7c5d43665",
        "type": "github"
      },
      "original": {
        "owner": "aauren",
        "repo": "ntopng-exporter",
        "type": "github"
      }
    },
    "nvchad-starter": {
      "flake": false,
      "locked": {
        "lastModified": 1753939018,
        "narHash": "sha256-xdLr6tlU9uA+wu0pqha2br0fdVm+1MjgjbB5awz9ICU=",
        "owner": "NvChad",
        "repo": "starter",
        "rev": "e3572e1f5e1c297212c3deeb17b7863139ce663e",
        "type": "github"
      },
      "original": {
        "owner": "NvChad",
        "ref": "main",
        "repo": "starter",
        "type": "github"
      }
    },
    "nvchad4nix": {
      "inputs": {
        "nixpkgs": [
          "nixpkgs"
        ],
        "nvchad-starter": "nvchad-starter"
      },
      "locked": {
        "lastModified": 1786797655,
        "narHash": "sha256-qAWI5Vf0xaRmb8/l9XWYrvEgrIaqKBv8Dg81JO7wkrY=",
        "owner": "nix-community",
        "repo": "nix4nvchad",
        "rev": "b878640ae13c8f70f41aa1159234206051a4378c",
        "type": "github"
      },
      "original": {
        "owner": "nix-community",
        "repo": "nix4nvchad",
        "type": "github"
      }
    },
    "pfsense-exporter-src": {
      "flake": false,
      "locked": {
        "lastModified": 1776220630,
        "narHash": "sha256-qx1LAf8v5kTPqq+B1wBdUd/7KskSqTnHGXOldBoXp3U=",
        "owner": "pfrest",
        "repo": "pfsense_exporter",
        "rev": "5228c28c7733e8a33d51c1a1dc1c66283957f364",
        "type": "github"
      },
      "original": {
        "owner": "pfrest",
        "repo": "pfsense_exporter",
        "type": "github"
      }
    },
    "pfsense-mcp": {
      "inputs": {
        "nixpkgs": [
          "nixpkgs"
        ]
      },
      "locked": {
        "lastModified": 1782198632,
        "narHash": "sha256-us66T0UmUTtHqnvUOzDj0fLzRmq4olqHklQ5tK52a30=",
        "owner": "abl030",
        "repo": "pfsense-mcp",
        "rev": "11f4246ad5b44372e75bb633280c45ecf8fe267c",
        "type": "github"
      },
      "original": {
        "owner": "abl030",
        "repo": "pfsense-mcp",
        "type": "github"
      }
    },
    "pyproject-build-systems": {
      "inputs": {
        "nixpkgs": [
          "hermes-agent",
          "nixpkgs"
        ],
        "pyproject-nix": [
          "hermes-agent",
          "pyproject-nix"
        ],
        "uv2nix": [
          "hermes-agent",
          "uv2nix"
        ]
      },
      "locked": {
        "lastModified": 1785115949,
        "narHash": "sha256-8AM37BfyGaL2v/SZyg4PupRxJ01Y4htvM+WrTjWrPpo=",
        "owner": "pyproject-nix",
        "repo": "build-system-pkgs",
        "rev": "62c0d86027edb1c4f39a5facc09876348144f7c9",
        "type": "github"
      },
      "original": {
        "owner": "pyproject-nix",
        "repo": "build-system-pkgs",
        "type": "github"
      }
    },
    "pyproject-nix": {
      "inputs": {
        "nixpkgs": [
          "hermes-agent",
          "nixpkgs"
        ]
      },
      "locked": {
        "lastModified": 1784591072,
        "narHash": "sha256-zP/WaDxrRu8GANZM61+V2LT/7ycEEdoyLWn7M6WzU7M=",
        "owner": "pyproject-nix",
        "repo": "pyproject.nix",
        "rev": "e3b599ca2e7fcf93d4edf65d7f19bbf6491724f3",
        "type": "github"
      },
      "original": {
        "owner": "pyproject-nix",
        "repo": "pyproject.nix",
        "type": "github"
      }
    },
    "root": {
      "inputs": {
        "cellar-manager": "cellar-manager",
        "claude-code-nix": "claude-code-nix",
        "claude-plugin-compound-engineering": "claude-plugin-compound-engineering",
        "claude-plugin-ha-skills": "claude-plugin-ha-skills",
        "codex-cli-nix": "codex-cli-nix",
        "cratedigger-src": "cratedigger-src",
        "discogs-src": "discogs-src",
        "disko": "disko",
        "flake-parts": "flake-parts",
        "flake-utils": "flake-utils_2",
        "fzf-preview": "fzf-preview",
        "grafana-dashboards-rfmoz": "grafana-dashboards-rfmoz",
        "hermes-agent": "hermes-agent",
        "home-manager": "home-manager",
        "lrclib-src": "lrclib-src",
        "microvm": "microvm",
        "musicbrainz-docker": "musicbrainz-docker",
        "netwatch": "netwatch",
        "nixos-hardware": "nixos-hardware",
        "nixos-wsl": "nixos-wsl",
        "nixpkgs": "nixpkgs",
        "ntopng-exporter-src": "ntopng-exporter-src",
        "nvchad4nix": "nvchad4nix",
        "pfsense-exporter-src": "pfsense-exporter-src",
        "pfsense-mcp": "pfsense-mcp",
        "slskd-mcp": "slskd-mcp",
        "sops-nix": "sops-nix",
        "spicetify-nix": "spicetify-nix",
        "systems": "systems_6",
        "trackerslist": "trackerslist",
        "unifi-mcp": "unifi-mcp",
        "vinsight-mcp": "vinsight-mcp",
        "yt-dlp-src": "yt-dlp-src"
      }
    },
    "slskd-mcp": {
      "inputs": {
        "nixpkgs": [
          "nixpkgs"
        ]
      },
      "locked": {
        "lastModified": 1771235401,
        "narHash": "sha256-ELUoAOOWmNoxoTjPxxAY00exN56lngSPs4wtn/GadQU=",
        "owner": "abl030",
        "repo": "slskd-mcp",
        "rev": "08e4373f41fddcceff8ea3240323e0c6258a373e",
        "type": "github"
      },
      "original": {
        "owner": "abl030",
        "repo": "slskd-mcp",
        "type": "github"
      }
    },
    "sops-nix": {
      "inputs": {
        "nixpkgs": [
          "nixpkgs"
        ]
      },
      "locked": {
        "lastModified": 1786629091,
        "narHash": "sha256-gkig4nPi1CWc4Z50GBsjE4ygSE7hMpl/TwID2an2Cck=",
        "owner": "mic92",
        "repo": "sops-nix",
        "rev": "a8627b21b9107c5711c96b84f32a9a4b3d45295f",
        "type": "github"
      },
      "original": {
        "owner": "mic92",
        "repo": "sops-nix",
        "type": "github"
      }
    },
    "spectrum": {
      "flake": false,
      "locked": {
        "lastModified": 1785761586,
        "narHash": "sha256-MWOMVqJJERwjQGgRIv8d6rlEBqbLM3VZWxHkNKIIZNw=",
        "ref": "refs/heads/main",
        "rev": "a7762d6f54b40560dd5255ce902e6e6a5d980fe9",
        "revCount": 1416,
        "type": "git",
        "url": "https://spectrum-os.org/git/spectrum"
      },
      "original": {
        "type": "git",
        "url": "https://spectrum-os.org/git/spectrum"
      }
    },
    "spicetify-nix": {
      "inputs": {
        "nixpkgs": [
          "nixpkgs"
        ],
        "systems": "systems_5"
      },
      "locked": {
        "lastModified": 1786613850,
        "narHash": "sha256-ZWdtzl8LSRFxJTvh00Vgw1oE6p3G3JpopYbQnXok8VQ=",
        "owner": "Gerg-L",
        "repo": "spicetify-nix",
        "rev": "c900155108f79f8ed6a29a8ed32c23494ce13415",
        "type": "github"
      },
      "original": {
        "owner": "Gerg-L",
        "repo": "spicetify-nix",
        "type": "github"
      }
    },
    "systems": {
      "locked": {
        "lastModified": 1681028828,
        "narHash": "sha256-Vy1rq5AaRuLzOxct8nz4T6wlgyUR7zLU309k9mBC768=",
        "owner": "nix-systems",
        "repo": "default",
        "rev": "da67096a3b9bf56a91d16901293e51ba5b49a27e",
        "type": "github"
      },
      "original": {
        "owner": "nix-systems",
        "repo": "default",
        "type": "github"
      }
    },
    "systems_2": {
      "locked": {
        "lastModified": 1681028828,
        "narHash": "sha256-Vy1rq5AaRuLzOxct8nz4T6wlgyUR7zLU309k9mBC768=",
        "owner": "nix-systems",
        "repo": "default",
        "rev": "da67096a3b9bf56a91d16901293e51ba5b49a27e",
        "type": "github"
      },
      "original": {
        "owner": "nix-systems",
        "repo": "default",
        "type": "github"
      }
    },
    "systems_3": {
      "locked": {
        "lastModified": 1681028828,
        "narHash": "sha256-Vy1rq5AaRuLzOxct8nz4T6wlgyUR7zLU309k9mBC768=",
        "owner": "nix-systems",
        "repo": "default",
        "rev": "da67096a3b9bf56a91d16901293e51ba5b49a27e",
        "type": "github"
      },
      "original": {
        "owner": "nix-systems",
        "repo": "default",
        "type": "github"
      }
    },
    "systems_4": {
      "locked": {
        "lastModified": 1681028828,
        "narHash": "sha256-Vy1rq5AaRuLzOxct8nz4T6wlgyUR7zLU309k9mBC768=",
        "owner": "nix-systems",
        "repo": "default",
        "rev": "da67096a3b9bf56a91d16901293e51ba5b49a27e",
        "type": "github"
      },
      "original": {
        "owner": "nix-systems",
        "repo": "default",
        "type": "github"
      }
    },
    "systems_5": {
      "locked": {
        "lastModified": 1681028828,
        "narHash": "sha256-Vy1rq5AaRuLzOxct8nz4T6wlgyUR7zLU309k9mBC768=",
        "owner": "nix-systems",
        "repo": "default",
        "rev": "da67096a3b9bf56a91d16901293e51ba5b49a27e",
        "type": "github"
      },
      "original": {
        "owner": "nix-systems",
        "repo": "default",
        "type": "github"
      }
    },
    "systems_6": {
      "locked": {
        "lastModified": 1681028828,
        "narHash": "sha256-Vy1rq5AaRuLzOxct8nz4T6wlgyUR7zLU309k9mBC768=",
        "owner": "nix-systems",
        "repo": "default",
        "rev": "da67096a3b9bf56a91d16901293e51ba5b49a27e",
        "type": "github"
      },
      "original": {
        "owner": "nix-systems",
        "repo": "default",
        "type": "github"
      }
    },
    "systems_7": {
      "locked": {
        "lastModified": 1681028828,
        "narHash": "sha256-Vy1rq5AaRuLzOxct8nz4T6wlgyUR7zLU309k9mBC768=",
        "owner": "nix-systems",
        "repo": "default",
        "rev": "da67096a3b9bf56a91d16901293e51ba5b49a27e",
        "type": "github"
      },
      "original": {
        "owner": "nix-systems",
        "repo": "default",
        "type": "github"
      }
    },
    "trackerslist": {
      "flake": false,
      "locked": {
        "lastModified": 1786745375,
        "narHash": "sha256-6HYqkfWGBm8SNZU4h3Ab4NvMOgenxKcaXsxCZlBYIgg=",
        "owner": "ngosang",
        "repo": "trackerslist",
        "rev": "5f45d72abf503f5901a49b4f429b4829cf197e13",
        "type": "github"
      },
      "original": {
        "owner": "ngosang",
        "repo": "trackerslist",
        "type": "github"
      }
    },
    "unifi-mcp": {
      "inputs": {
        "nixpkgs": [
          "nixpkgs"
        ]
      },
      "locked": {
        "lastModified": 1771141817,
        "narHash": "sha256-8IO1wZeAifmhhR3e8kMRVu4LNy+zqmKWRwIbMuwwxAU=",
        "owner": "abl030",
        "repo": "unifi-mcp",
        "rev": "ea3bab4522c2744418db44229a0e51cc0ba45e59",
        "type": "github"
      },
      "original": {
        "owner": "abl030",
        "repo": "unifi-mcp",
        "type": "github"
      }
    },
    "uv2nix": {
      "inputs": {
        "nixpkgs": [
          "hermes-agent",
          "nixpkgs"
        ],
        "pyproject-nix": [
          "hermes-agent",
          "pyproject-nix"
        ]
      },
      "locked": {
        "lastModified": 1785277507,
        "narHash": "sha256-9Tq3UDX2hD/aveW/HvkBlAmEwJTOlY5HQXJM+L5BGmE=",
        "owner": "pyproject-nix",
        "repo": "uv2nix",
        "rev": "5a836d395cbf5fc22670eb98dd4aa4fc4d406977",
        "type": "github"
      },
      "original": {
        "owner": "pyproject-nix",
        "repo": "uv2nix",
        "type": "github"
      }
    },
    "vinsight-mcp": {
      "inputs": {
        "flake-utils": "flake-utils_3",
        "nixpkgs": [
          "nixpkgs"
        ]
      },
      "locked": {
        "lastModified": 1771901753,
        "narHash": "sha256-F4wQ293vjwh2usqelMWBmVXIV2nuzK5rw0nUKyETiLM=",
        "owner": "abl030",
        "repo": "vinsight-mcp",
        "rev": "f3d1132db90b4da4be406c177cf2741f29a6c414",
        "type": "github"
      },
      "original": {
        "owner": "abl030",
        "repo": "vinsight-mcp",
        "type": "github"
      }
    },
    "yt-dlp-src": {
      "flake": false,
      "locked": {
        "lastModified": 1785884314,
        "narHash": "sha256-tDJNBlmgOCX2FRNgojk9wvC5z9MQFVu7xo/e20ghjp8=",
        "owner": "yt-dlp",
        "repo": "yt-dlp",
        "rev": "5d6b8c8cd19785c3086ae3a9ec618c45e25eb3bc",
        "type": "github"
      },
      "original": {
        "owner": "yt-dlp",
        "repo": "yt-dlp",
        "type": "github"
      }
    }
  },
  "root": "root",
  "version": 7
}
